
Microsoft Visual Studio Solution File, Format Version 12.00
# Visual Studio Version 17
VisualStudioVersion = 17.0.31903.59
MinimumVisualStudioVersion = 10.0.40219.1
Project("{2150E333-8FDC-42A3-9474-1A3956D46DE8}") = "src", "src", "{827E0CD3-B72D-47B6-A68D-7590B98EB39B}"
EndProject
Project("{FAE04EC0-301F-11D3-BF4B-00C04F79EFBC}") = "Slate.Lib.Core", "src\Slate.Lib.Core\Slate.Lib.Core.csproj", "{481600C0-0C23-4396-8750-CC5D5D08AFF9}"
EndProject
Project("{FAE04EC0-301F-11D3-BF4B-00C04F79EFBC}") = "Slate.Lib.Api", "src\Slate.Lib.Api\Slate.Lib.Api.csproj", "{DE24A5CB-599E-4447-AFF2-2A8A4085A923}"
EndProject
Project("{FAE04EC0-301F-11D3-BF4B-00C04F79EFBC}") = "Slate.Lib.App", "src\Slate.Lib.App\Slate.Lib.App.csproj", "{91817F59-5781-4661-A64F-6E9EF8BE7579}"
EndProject
Project("{2150E333-8FDC-42A3-9474-1A3956D46DE8}") = "tests", "tests", "{0AB3BF05-4346-4AA6-1389-037BE0695223}"
EndProject
Project("{FAE04EC0-301F-11D3-BF4B-00C04F79EFBC}") = "Slate.Lib.Tests", "tests\Slate.Lib.Tests\Slate.Lib.Tests.csproj", "{C6AFE8F6-7FBD-4498-97EC-A19645DB9CAB}"
EndProject
Project("{FAE04EC0-301F-11D3-BF4B-00C04F79EFBC}") = "Slate.Lib.Mcp", "src\Slate.Lib.Mcp\Slate.Lib.Mcp.csproj", "{0FECFC3C-7D48-4A7A-A887-14910C192B26}"
EndProject
Project("{FAE04EC0-301F-11D3-BF4B-00C04F79EFBC}") = "Slate.Lib.Mcp.Tests", "tests\Slate.Lib.Mcp.Tests\Slate.Lib.Mcp.Tests.csproj", "{8ACD245F-79F4-43F8-86D1-BAED036178AE}"
EndProject
Global
	GlobalSection(SolutionConfigurationPlatforms) = preSolution
		Debug|Any CPU = Debug|Any CPU
		Debug|x64 = Debug|x64
		Debug|x86 = Debug|x86
		Release|Any CPU = Release|Any CPU
		Release|x64 = Release|x64
		Release|x86 = Release|x86
	EndGlobalSection
	GlobalSection(ProjectConfigurationPlatforms) = postSolution
		{481600C0-0C23-4396-8750-CC5D5D08AFF9}.Debug|Any CPU.ActiveCfg = Debug|Any CPU
		{481600C0-0C23-4396-8750-CC5D5D08AFF9}.Debug|Any CPU.Build.0 = Debug|Any CPU
		{481600C0-0C23-4396-8750-CC5D5D08AFF9}.Debug|x64.ActiveCfg = Debug|Any CPU
		{481600C0-0C23-4396-8750-CC5D5D08AFF9}.Debug|x64.Build.0 = Debug|Any CPU
		{481600C0-0C23-4396-8750-CC5D5D08AFF9}.Debug|x86.ActiveCfg = Debug|Any CPU
		{481600C0-0C23-4396-8750-CC5D5D08AFF9}.Debug|x86.Build.0 = Debug|Any CPU
		{481600C0-0C23-4396-8750-CC5D5D08AFF9}.Release|Any CPU.ActiveCfg = Release|Any CPU
		{481600C0-0C23-4396-8750-CC5D5D08AFF9}.Release|Any CPU.Build.0 = Release|Any CPU
		{481600C0-0C23-4396-8750-CC5D5D08AFF9}.Release|x64.ActiveCfg = Release|Any CPU
		{481600C0-0C23-4396-8750-CC5D5D08AFF9}.Release|x64.Build.0 = Release|Any CPU
		{481600C0-0C23-4396-8750-CC5D5D08AFF9}.Release|x86.ActiveCfg = Release|Any CPU
		{481600C0-0C23-4396-8750-CC5D5D08AFF9}.Release|x86.Build.0 = Release|Any CPU
		{DE24A5CB-599E-4447-AFF2-2A8A4085A923}.Debug|Any CPU.ActiveCfg = Debug|Any CPU
		{DE24A5CB-599E-4447-AFF2-2A8A4085A923}.Debug|Any CPU.Build.0 = Debug|Any CPU
		{DE24A5CB-599E-4447-AFF2-2A8A4085A923}.Debug|x64.ActiveCfg = Debug|Any CPU
		{DE24A5CB-599E-4447-AFF2-2A8A4085A923}.Debug|x64.Build.0 = Debug|Any CPU
		{DE24A5CB-599E-4447-AFF2-2A8A4085A923}.Debug|x86.ActiveCfg = Debug|Any CPU
		{DE24A5CB-599E-4447-AFF2-2A8A4085A923}.Debug|x86.Build.0 = Debug|Any CPU
		{DE24A5CB-599E-4447-AFF2-2A8A4085A923}.Release|Any CPU.ActiveCfg = Release|Any CPU
		{DE24A5CB-599E-4447-AFF2-2A8A4085A923}.Release|Any CPU.Build.0 = Release|Any CPU
		{DE24A5CB-599E-4447-AFF2-2A8A4085A923}.Release|x64.ActiveCfg = Release|Any CPU
		{DE24A5CB-599E-4447-AFF2-2A8A4085A923}.Release|x64.Build.0 = Release|Any CPU
		{DE24A5CB-599E-4447-AFF2-2A8A4085A923}.Release|x86.ActiveCfg = Release|Any CPU
		{DE24A5CB-599E-4447-AFF2-2A8A4085A923}.Release|x86.Build.0 = Release|Any CPU
		{91817F59-5781-4661-A64F-6E9EF8BE7579}.Debug|Any CPU.ActiveCfg = Debug|Any CPU
		{91817F59-5781-4661-A64F-6E9EF8BE7579}.Debug|Any CPU.Build.0 = Debug|Any CPU
		{91817F59-5781-4661-A64F-6E9EF8BE7579}.Debug|x64.ActiveCfg = Debug|Any CPU
		{91817F59-5781-4661-A64F-6E9EF8BE7579}.Debug|x64.Build.0 = Debug|Any CPU
		{91817F59-5781-4661-A64F-6E9EF8BE7579}.Debug|x86.ActiveCfg = Debug|Any CPU
		{91817F59-5781-4661-A64F-6E9EF8BE7579}.Debug|x86.Build.0 = Debug|Any CPU
		{91817F59-5781-4661-A64F-6E9EF8BE7579}.Release|Any CPU.ActiveCfg = Release|Any CPU
		{91817F59-5781-4661-A64F-6E9EF8BE7579}.Release|Any CPU.Build.0 = Release|Any CPU
		{91817F59-5781-4661-A64F-6E9EF8BE7579}.Release|x64.ActiveCfg = Release|Any CPU
		{91817F59-5781-4661-A64F-6E9EF8BE7579}.Release|x64.Build.0 = Release|Any CPU
		{91817F59-5781-4661-A64F-6E9EF8BE7579}.Release|x86.ActiveCfg = Release|Any CPU
		{91817F59-5781-4661-A64F-6E9EF8BE7579}.Release|x86.Build.0 = Release|Any CPU
		{C6AFE8F6-7FBD-4498-97EC-A19645DB9CAB}.Debug|Any CPU.ActiveCfg = Debug|Any CPU
		{C6AFE8F6-7FBD-4498-97EC-A19645DB9CAB}.Debug|Any CPU.Build.0 = Debug|Any CPU
		{C6AFE8F6-7FBD-4498-97EC-A19645DB9CAB}.Debug|x64.ActiveCfg = Debug|Any CPU
		{C6AFE8F6-7FBD-4498-97EC-A19645DB9CAB}.Debug|x64.Build.0 = Debug|Any CPU
		{C6AFE8F6-7FBD-4498-97EC-A19645DB9CAB}.Debug|x86.ActiveCfg = Debug|Any CPU
		{C6AFE8F6-7FBD-4498-97EC-A19645DB9CAB}.Debug|x86.Build.0 = Debug|Any CPU
		{C6AFE8F6-7FBD-4498-97EC-A19645DB9CAB}.Release|Any CPU.ActiveCfg = Release|Any CPU
		{C6AFE8F6-7FBD-4498-97EC-A19645DB9CAB}.Release|Any CPU.Build.0 = Release|Any CPU
		{C6AFE8F6-7FBD-4498-97EC-A19645DB9CAB}.Release|x64.ActiveCfg = Release|Any CPU
		{C6AFE8F6-7FBD-4498-97EC-A19645DB9CAB}.Release|x64.Build.0 = Release|Any CPU
		{C6AFE8F6-7FBD-4498-97EC-A19645DB9CAB}.Release|x86.ActiveCfg = Release|Any CPU
		{C6AFE8F6-7FBD-4498-97EC-A19645DB9CAB}.Release|x86.Build.0 = Release|Any CPU
		{0FECFC3C-7D48-4A7A-A887-14910C192B26}.Debug|Any CPU.ActiveCfg = Debug|Any CPU
		{0FECFC3C-7D48-4A7A-A887-14910C192B26}.Debug|Any CPU.Build.0 = Debug|Any CPU
		{0FECFC3C-7D48-4A7A-A887-14910C192B26}.Debug|x64.ActiveCfg = Debug|Any CPU
		{0FECFC3C-7D48-4A7A-A887-14910C192B26}.Debug|x64.Build.0 = Debug|Any CPU
		{0FECFC3C-7D48-4A7A-A887-14910C192B26}.Debug|x86.ActiveCfg = Debug|Any CPU
		{0FECFC3C-7D48-4A7A-A887-14910C192B26}.Debug|x86.Build.0 = Debug|Any CPU
		{0FECFC3C-7D48-4A7A-A887-14910C192B26}.Release|Any CPU.ActiveCfg = Release|Any CPU
		{0FECFC3C-7D48-4A7A-A887-14910C192B26}.Release|Any CPU.Build.0 = Release|Any CPU
		{0FECFC3C-7D48-4A7A-A887-14910C192B26}.Release|x64.ActiveCfg = Release|Any CPU
		{0FECFC3C-7D48-4A7A-A887-14910C192B26}.Release|x64.Build.0 = Release|Any CPU
		{0FECFC3C-7D48-4A7A-A887-14910C192B26}.Release|x86.ActiveCfg = Release|Any CPU
		{0FECFC3C-7D48-4A7A-A887-14910C192B26}.Release|x86.Build.0 = Release|Any CPU
		{8ACD245F-79F4-43F8-86D1-BAED036178AE}.Debug|Any CPU.ActiveCfg = Debug|Any CPU
		{8ACD245F-79F4-43F8-86D1-BAED036178AE}.Debug|Any CPU.Build.0 = Debug|Any CPU
		{8ACD245F-79F4-43F8-86D1-BAED036178AE}.Debug|x64.ActiveCfg = Debug|Any CPU
		{8ACD245F-79F4-43F8-86D1-BAED036178AE}.Debug|x64.Build.0 = Debug|Any CPU
		{8ACD245F-79F4-43F8-86D1-BAED036178AE}.Debug|x86.ActiveCfg = Debug|Any CPU
		{8ACD245F-79F4-43F8-86D1-BAED036178AE}.Debug|x86.Build.0 = Debug|Any CPU
		{8ACD245F-79F4-43F8-86D1-BAED036178AE}.Release|Any CPU.ActiveCfg = Release|Any CPU
		{8ACD245F-79F4-43F8-86D1-BAED036178AE}.Release|Any CPU.Build.0 = Release|Any CPU
		{8ACD245F-79F4-43F8-86D1-BAED036178AE}.Release|x64.ActiveCfg = Release|Any CPU
		{8ACD245F-79F4-43F8-86D1-BAED036178AE}.Release|x64.Build.0 = Release|Any CPU
		{8ACD245F-79F4-43F8-86D1-BAED036178AE}.Release|x86.ActiveCfg = Release|Any CPU
		{8ACD245F-79F4-43F8-86D1-BAED036178AE}.Release|x86.Build.0 = Release|Any CPU
	EndGlobalSection
	GlobalSection(SolutionProperties) = preSolution
		HideSolutionNode = FALSE
	EndGlobalSection
	GlobalSection(NestedProjects) = preSolution
		{481600C0-0C23-4396-8750-CC5D5D08AFF9} = {827E0CD3-B72D-47B6-A68D-7590B98EB39B}
		{DE24A5CB-599E-4447-AFF2-2A8A4085A923} = {827E0CD3-B72D-47B6-A68D-7590B98EB39B}
		{91817F59-5781-4661-A64F-6E9EF8BE7579} = {827E0CD3-B72D-47B6-A68D-7590B98EB39B}
		{C6AFE8F6-7FBD-4498-97EC-A19645DB9CAB} = {0AB3BF05-4346-4AA6-1389-037BE0695223}
		{0FECFC3C-7D48-4A7A-A887-14910C192B26} = {827E0CD3-B72D-47B6-A68D-7590B98EB39B}
		{8ACD245F-79F4-43F8-86D1-BAED036178AE} = {0AB3BF05-4346-4AA6-1389-037BE0695223}
	EndGlobalSection
EndGlobal
